
Microsoft Visual Studio Solution File, Format Version 12.00
# Visual Studio 15
VisualStudioVersion = 15.0.27004.2005
MinimumVisualStudioVersion = 10.0.40219.1
Project("{FAE04EC0-301F-11D3-BF4B-00C04F79EFBC}") = "CarDealerShip", "CarDealerShip\CarDealerShip.csproj", "{D9B5AF21-DCBA-490A-9BC4-C54A061BAAC0}"
EndProject
Project("{FAE04EC0-301F-11D3-BF4B-00C04F79EFBC}") = "CarDealerShipForms", "CarDealerShipForms\CarDealerShipForms.csproj", "{CC6DD6D7-C741-431B-BDCA-B9F474FECB1B}"
EndProject
Global
	GlobalSection(SolutionConfigurationPlatforms) = preSolution
		Debug|Any CPU = Debug|Any CPU
		Release|Any CPU = Release|Any CPU
	EndGlobalSection
	GlobalSection(ProjectConfigurationPlatforms) = postSolution
		{D9B5AF21-DCBA-490A-9BC4-C54A061BAAC0}.Debug|Any CPU.ActiveCfg = Debug|Any CPU
		{D9B5AF21-DCBA-490A-9BC4-C54A061BAAC0}.Debug|Any CPU.Build.0 = Debug|Any CPU
		{D9B5AF21-DCBA-490A-9BC4-C54A061BAAC0}.Release|Any CPU.ActiveCfg = Release|Any CPU
		{D9B5AF21-DCBA-490A-9BC4-C54A061BAAC0}.Release|Any CPU.Build.0 = Release|Any CPU
		{CC6DD6D7-C741-431B-BDCA-B9F474FECB1B}.Debug|Any CPU.ActiveCfg = Debug|Any CPU
		{CC6DD6D7-C741-431B-BDCA-B9F474FECB1B}.Debug|Any CPU.Build.0 = Debug|Any CPU
		{CC6DD6D7-C741-431B-BDCA-B9F474FECB1B}.Release|Any CPU.ActiveCfg = Release|Any CPU
		{CC6DD6D7-C741-431B-BDCA-B9F474FECB1B}.Release|Any CPU.Build.0 = Release|Any CPU
	EndGlobalSection
	GlobalSection(SolutionProperties) = preSolution
		HideSolutionNode = FALSE
	EndGlobalSection
	GlobalSection(ExtensibilityGlobals) = postSolution
		SolutionGuid = {702C59FA-BF80-4A2B-B917-2D2D56DAD058}
	EndGlobalSection
EndGlobal
